
Microsoft Visual Studio Solution File, Format Version 12.00
# Visual Studio Version 17
VisualStudioVersion = 17.8.34330.188
MinimumVisualStudioVersion = 10.0.40219.1
Project("{FAE04EC0-301F-11D3-BF4B-00C04F79EFBC}") = "samostalni projakeat baze", "samostalni projakeat baze\samostalni projakeat baze.csproj", "{53D51826-0BE1-480E-BDEC-AB02AA2B779C}"
EndProject
Global
	GlobalSection(SolutionConfigurationPlatforms) = preSolution
		Debug|Any CPU = Debug|Any CPU
		Release|Any CPU = Release|Any CPU
	EndGlobalSection
	GlobalSection(ProjectConfigurationPlatforms) = postSolution
		{53D51826-0BE1-480E-BDEC-AB02AA2B779C}.Debug|Any CPU.ActiveCfg = Debug|Any CPU
		{53D51826-0BE1-480E-BDEC-AB02AA2B779C}.Debug|Any CPU.Build.0 = Debug|Any CPU
		{53D51826-0BE1-480E-BDEC-AB02AA2B779C}.Release|Any CPU.ActiveCfg = Release|Any CPU
		{53D51826-0BE1-480E-BDEC-AB02AA2B779C}.Release|Any CPU.Build.0 = Release|Any CPU
	EndGlobalSection
	GlobalSection(SolutionProperties) = preSolution
		HideSolutionNode = FALSE
	EndGlobalSection
	GlobalSection(ExtensibilityGlobals) = postSolution
		SolutionGuid = {60474780-755E-4B19-9239-6B21CD579E67}
	EndGlobalSection
EndGlobal
